
Microsoft Visual Studio Solution File, Format Version 12.00
# Visual Studio Version 17
VisualStudioVersion = 17.5.33516.290
MinimumVisualStudioVersion = 10.0.40219.1
Project("{FAE04EC0-301F-11D3-BF4B-00C04F79EFBC}") = "WebAPI_Docker_GitHub_New", "WebAPI_Docker_GitHub_New\WebAPI_Docker_GitHub_New.csproj", "{B68CB2D7-D099-4718-B83B-95B7547C0884}"
EndProject
Global
	GlobalSection(SolutionConfigurationPlatforms) = preSolution
		Debug|Any CPU = Debug|Any CPU
		Release|Any CPU = Release|Any CPU
	EndGlobalSection
	GlobalSection(ProjectConfigurationPlatforms) = postSolution
		{B68CB2D7-D099-4718-B83B-95B7547C0884}.Debug|Any CPU.ActiveCfg = Debug|Any CPU
		{B68CB2D7-D099-4718-B83B-95B7547C0884}.Debug|Any CPU.Build.0 = Debug|Any CPU
		{B68CB2D7-D099-4718-B83B-95B7547C0884}.Release|Any CPU.ActiveCfg = Release|Any CPU
		{B68CB2D7-D099-4718-B83B-95B7547C0884}.Release|Any CPU.Build.0 = Release|Any CPU
	EndGlobalSection
	GlobalSection(SolutionProperties) = preSolution
		HideSolutionNode = FALSE
	EndGlobalSection
	GlobalSection(ExtensibilityGlobals) = postSolution
		SolutionGuid = {E561BBD0-11C2-4855-B992-1BC0BEF0F7B0}
	EndGlobalSection
EndGlobal
